
Microsoft Visual Studio Solution File, Format Version 12.00
# Visual Studio Version 17
VisualStudioVersion = 17.3.32819.101
MinimumVisualStudioVersion = 10.0.40219.1
Project("{FAE04EC0-301F-11D3-BF4B-00C04F79EFBC}") = "TrafficLights2", "TrafficLights2\TrafficLights2.csproj", "{F8787A61-5728-4F24-A3DF-3D212170206E}"
EndProject
Global
	GlobalSection(SolutionConfigurationPlatforms) = preSolution
		Debug|Any CPU = Debug|Any CPU
		Release|Any CPU = Release|Any CPU
	EndGlobalSection
	GlobalSection(ProjectConfigurationPlatforms) = postSolution
		{F8787A61-5728-4F24-A3DF-3D212170206E}.Debug|Any CPU.ActiveCfg = Debug|Any CPU
		{F8787A61-5728-4F24-A3DF-3D212170206E}.Debug|Any CPU.Build.0 = Debug|Any CPU
		{F8787A61-5728-4F24-A3DF-3D212170206E}.Release|Any CPU.ActiveCfg = Release|Any CPU
		{F8787A61-5728-4F24-A3DF-3D212170206E}.Release|Any CPU.Build.0 = Release|Any CPU
	EndGlobalSection
	GlobalSection(SolutionProperties) = preSolution
		HideSolutionNode = FALSE
	EndGlobalSection
	GlobalSection(ExtensibilityGlobals) = postSolution
		SolutionGuid = {120C8BE1-AD30-4E6A-A6C2-EE59B718047C}
	EndGlobalSection
EndGlobal
